// !$*UTF8*$!
{
	archiveVersion = 1;
	classes = {
	};
	objectVersion = 46;
	objects = {

/* Begin PBXBuildFile section */
		D22EFEF21DB1CA3900B4ACF4 /* main.cpp in Sources */ = {isa = PBXBuildFile; fileRef = D28446551DAF681D0053E0FB /* main.cpp */; };
		D22EFEF41DB1CA3900B4ACF4 /* Queue_Rot.cpp in Sources */ = {isa = PBXBuildFile; fileRef = D28446621DAF73970053E0FB /* Queue_Rot.cpp */; };
		D22EFEF71DB1D1A000B4ACF4 /* Node.cpp in Sources */ = {isa = PBXBuildFile; fileRef = D22EFEF61DB1D1A000B4ACF4 /* Node.cpp */; };
/* End PBXBuildFile section */

/* Begin PBXCopyFilesBuildPhase section */
		D28446501DAF681D0053E0FB /* CopyFiles */ = {
			isa = PBXCopyFilesBuildPhase;
			buildActionMask = 2147483647;
			dstPath = /usr/share/man/man1/;
			dstSubfolderSpec = 0;
			files = (
			);
			runOnlyForDeploymentPostprocessing = 1;
		};
/* End PBXCopyFilesBuildPhase section */

/* Begin PBXFileReference section */
		D22EFEF51DB1D0EE00B4ACF4 /* Node.h */ = {isa = PBXFileReference; fileEncoding = 4; lastKnownFileType = sourcecode.c.h; path = Node.h; sourceTree = "<group>"; };
		D22EFEF61DB1D1A000B4ACF4 /* Node.cpp */ = {isa = PBXFileReference; fileEncoding = 4; lastKnownFileType = sourcecode.cpp.cpp; path = Node.cpp; sourceTree = "<group>"; };
		D28446521DAF681D0053E0FB /* hw2 */ = {isa = PBXFileReference; explicitFileType = "compiled.mach-o.executable"; includeInIndex = 0; path = hw2; sourceTree = BUILT_PRODUCTS_DIR; };
		D28446551DAF681D0053E0FB /* main.cpp */ = {isa = PBXFileReference; lastKnownFileType = sourcecode.cpp.cpp; path = main.cpp; sourceTree = "<group>"; };
		D284465C1DAF683E0053E0FB /* StackForHanoi.h */ = {isa = PBXFileReference; fileEncoding = 4; lastKnownFileType = sourcecode.c.h; path = StackForHanoi.h; sourceTree = "<group>"; };
		D284465D1DAF68460053E0FB /* StackForHanoi.cpp */ = {isa = PBXFileReference; fileEncoding = 4; lastKnownFileType = sourcecode.cpp.cpp; path = StackForHanoi.cpp; sourceTree = "<group>"; };
		D284465F1DAF6A1E0053E0FB /* Hanoi_Stack.cpp */ = {isa = PBXFileReference; fileEncoding = 4; lastKnownFileType = sourcecode.cpp.cpp; path = Hanoi_Stack.cpp; sourceTree = "<group>"; };
		D28446611DAF738F0053E0FB /* Queue_Rot.h */ = {isa = PBXFileReference; fileEncoding = 4; lastKnownFileType = sourcecode.c.h; path = Queue_Rot.h; sourceTree = "<group>"; };
		D28446621DAF73970053E0FB /* Queue_Rot.cpp */ = {isa = PBXFileReference; fileEncoding = 4; lastKnownFileType = sourcecode.cpp.cpp; path = Queue_Rot.cpp; sourceTree = "<group>"; };
/* End PBXFileReference section */

/* Begin PBXFrameworksBuildPhase section */
		D284464F1DAF681D0053E0FB /* Frameworks */ = {
			isa = PBXFrameworksBuildPhase;
			buildActionMask = 2147483647;
			files = (
			);
			runOnlyForDeploymentPostprocessing = 0;
		};
/* End PBXFrameworksBuildPhase section */

/* Begin PBXGroup section */
		D28446491DAF681D0053E0FB = {
			isa = PBXGroup;
			children = (
				D28446541DAF681D0053E0FB /* hw2 */,
				D28446531DAF681D0053E0FB /* Products */,
			);
			sourceTree = "<group>";
		};
		D28446531DAF681D0053E0FB /* Products */ = {
			isa = PBXGroup;
			children = (
				D28446521DAF681D0053E0FB /* hw2 */,
			);
			name = Products;
			sourceTree = "<group>";
		};
		D28446541DAF681D0053E0FB /* hw2 */ = {
			isa = PBXGroup;
			children = (
				D28446551DAF681D0053E0FB /* main.cpp */,
				D284465C1DAF683E0053E0FB /* StackForHanoi.h */,
				D284465D1DAF68460053E0FB /* StackForHanoi.cpp */,
				D284465F1DAF6A1E0053E0FB /* Hanoi_Stack.cpp */,
				D28446611DAF738F0053E0FB /* Queue_Rot.h */,
				D28446621DAF73970053E0FB /* Queue_Rot.cpp */,
				D22EFEF51DB1D0EE00B4ACF4 /* Node.h */,
				D22EFEF61DB1D1A000B4ACF4 /* Node.cpp */,
			);
			path = hw2;
			sourceTree = "<group>";
		};
/* End PBXGroup section */

/* Begin PBXNativeTarget section */
		D28446511DAF681D0053E0FB /* hw2 */ = {
			isa = PBXNativeTarget;
			buildConfigurationList = D28446591DAF681D0053E0FB /* Build configuration list for PBXNativeTarget "hw2" */;
			buildPhases = (
				D284464E1DAF681D0053E0FB /* Sources */,
				D284464F1DAF681D0053E0FB /* Frameworks */,
				D28446501DAF681D0053E0FB /* CopyFiles */,
			);
			buildRules = (
			);
			dependencies = (
			);
			name = hw2;
			productName = hw2;
			productReference = D28446521DAF681D0053E0FB /* hw2 */;
			productType = "com.apple.product-type.tool";
		};
/* End PBXNativeTarget section */

/* Begin PBXProject section */
		D284464A1DAF681D0053E0FB /* Project object */ = {
			isa = PBXProject;
			attributes = {
				LastUpgradeCheck = 0730;
				ORGANIZATIONNAME = DevSusu;
				TargetAttributes = {
					D28446511DAF681D0053E0FB = {
						CreatedOnToolsVersion = 7.3.1;
					};
				};
			};
			buildConfigurationList = D284464D1DAF681D0053E0FB /* Build configuration list for PBXProject "hw2" */;
			compatibilityVersion = "Xcode 3.2";
			developmentRegion = English;
			hasScannedForEncodings = 0;
			knownRegions = (
				en,
			);
			mainGroup = D28446491DAF681D0053E0FB;
			productRefGroup = D28446531DAF681D0053E0FB /* Products */;
			projectDirPath = "";
			projectRoot = "";
			targets = (
				D28446511DAF681D0053E0FB /* hw2 */,
			);
		};
/* End PBXProject section */

/* Begin PBXSourcesBuildPhase section */
		D284464E1DAF681D0053E0FB /* Sources */ = {
			isa = PBXSourcesBuildPhase;
			buildActionMask = 2147483647;
			files = (
				D22EFEF71DB1D1A000B4ACF4 /* Node.cpp in Sources */,
				D22EFEF21DB1CA3900B4ACF4 /* main.cpp in Sources */,
				D22EFEF41DB1CA3900B4ACF4 /* Queue_Rot.cpp in Sources */,
			);
			runOnlyForDeploymentPostprocessing = 0;
		};
/* End PBXSourcesBuildPhase section */

/* Begin XCBuildConfiguration section */
		D28446571DAF681D0053E0FB /* Debug */ = {
			isa = XCBuildConfiguration;
			buildSettings = {
				ALWAYS_SEARCH_USER_PATHS = NO;
				CLANG_ANALYZER_NONNULL = YES;
				CLANG_CXX_LANGUAGE_STANDARD = "gnu++0x";
				CLANG_CXX_LIBRARY = "libc++";
				CLANG_ENABLE_MODULES = YES;
				CLANG_ENABLE_OBJC_ARC = YES;
				CLANG_WARN_BOOL_CONVERSION = YES;
				CLANG_WARN_CONSTANT_CONVERSION = YES;
				CLANG_WARN_DIRECT_OBJC_ISA_USAGE = YES_ERROR;
				CLANG_WARN_EMPTY_BODY = YES;
				CLANG_WARN_ENUM_CONVERSION = YES;
				CLANG_WARN_INT_CONVERSION = YES;
				CLANG_WARN_OBJC_ROOT_CLASS = YES_ERROR;
				CLANG_WARN_UNREACHABLE_CODE = YES;
				CLANG_WARN__DUPLICATE_METHOD_MATCH = YES;
				CODE_SIGN_IDENTITY = "-";
				COPY_PHASE_STRIP = NO;
				DEBUG_INFORMATION_FORMAT = dwarf;
				ENABLE_STRICT_OBJC_MSGSEND = YES;
				ENABLE_TESTABILITY = YES;
				GCC_C_LANGUAGE_STANDARD = gnu99;
				GCC_DYNAMIC_NO_PIC = NO;
				GCC_NO_COMMON_BLOCKS = YES;
				GCC_OPTIMIZATION_LEVEL = 0;
				GCC_PREPROCESSOR_DEFINITIONS = (
					"DEBUG=1",
					"$(inherited)",
				);
				GCC_WARN_64_TO_32_BIT_CONVERSION = YES;
				GCC_WARN_ABOUT_RETURN_TYPE = YES_ERROR;
				GCC_WARN_UNDECLARED_SELECTOR = YES;
				GCC_WARN_UNINITIALIZED_AUTOS = YES_AGGRESSIVE;
				GCC_WARN_UNUSED_FUNCTION = YES;
				GCC_WARN_UNUSED_VARIABLE = YES;
				MACOSX_DEPLOYMENT_TARGET = 10.11;
				MTL_ENABLE_DEBUG_INFO = YES;
				ONLY_ACTIVE_ARCH = YES;
				SDKROOT = macosx;
			};
			name = Debug;
		};
		D28446581DAF681D0053E0FB /* Release */ = {
			isa = XCBuildConfiguration;
			buildSettings = {
				ALWAYS_SEARCH_USER_PATHS = NO;
				CLANG_ANALYZER_NONNULL = YES;
				CLANG_CXX_LANGUAGE_STANDARD = "gnu++0x";
				CLANG_CXX_LIBRARY = "libc++";
				CLANG_ENABLE_MODULES = YES;
				CLANG_ENABLE_OBJC_ARC = YES;
				CLANG_WARN_BOOL_CONVERSION = YES;
				CLANG_WARN_CONSTANT_CONVERSION = YES;
				CLANG_WARN_DIRECT_OBJC_ISA_USAGE = YES_ERROR;
				CLANG_WARN_EMPTY_BODY = YES;
				CLANG_WARN_ENUM_CONVERSION = YES;
				CLANG_WARN_INT_CONVERSION = YES;
				CLANG_WARN_OBJC_ROOT_CLASS = YES_ERROR;
				CLANG_WARN_UNREACHABLE_CODE = YES;
				CLANG_WARN__DUPLICATE_METHOD_MATCH = YES;
				CODE_SIGN_IDENTITY = "-";
				COPY_PHASE_STRIP = NO;
				DEBUG_INFORMATION_FORMAT = "dwarf-with-dsym";
				ENABLE_NS_ASSERTIONS = NO;
				ENABLE_STRICT_OBJC_MSGSEND = YES;
				GCC_C_LANGUAGE_STANDARD = gnu99;
				GCC_NO_COMMON_BLOCKS = YES;
				GCC_WARN_64_TO_32_BIT_CONVERSION = YES;
				GCC_WARN_ABOUT_RETURN_TYPE = YES_ERROR;
				GCC_WARN_UNDECLARED_SELECTOR = YES;
				GCC_WARN_UNINITIALIZED_AUTOS = YES_AGGRESSIVE;
				GCC_WARN_UNUSED_FUNCTION = YES;
				GCC_WARN_UNUSED_VARIABLE = YES;
				MACOSX_DEPLOYMENT_TARGET = 10.11;
				MTL_ENABLE_DEBUG_INFO = NO;
				SDKROOT = macosx;
			};
			name = Release;
		};
		D284465A1DAF681D0053E0FB /* Debug */ = {
			isa = XCBuildConfiguration;
			buildSettings = {
				PRODUCT_NAME = "$(TARGET_NAME)";
			};
			name = Debug;
		};
		D284465B1DAF681D0053E0FB /* Release */ = {
			isa = XCBuildConfiguration;
			buildSettings = {
				PRODUCT_NAME = "$(TARGET_NAME)";
			};
			name = Release;
		};
/* End XCBuildConfiguration section */

/* Begin XCConfigurationList section */
		D284464D1DAF681D0053E0FB /* Build configuration list for PBXProject "hw2" */ = {
			isa = XCConfigurationList;
			buildConfigurations = (
				D28446571DAF681D0053E0FB /* Debug */,
				D28446581DAF681D0053E0FB /* Release */,
			);
			defaultConfigurationIsVisible = 0;
			defaultConfigurationName = Release;
		};
		D28446591DAF681D0053E0FB /* Build configuration list for PBXNativeTarget "hw2" */ = {
			isa = XCConfigurationList;
			buildConfigurations = (
				D284465A1DAF681D0053E0FB /* Debug */,
				D284465B1DAF681D0053E0FB /* Release */,
			);
			defaultConfigurationIsVisible = 0;
			defaultConfigurationName = Release;
		};
/* End XCConfigurationList section */
	};
	rootObject = D284464A1DAF681D0053E0FB /* Project object */;
}
