// !$*UTF8*$!
{
	archiveVersion = 1;
	classes = {
	};
	objectVersion = 46;
	objects = {

/* Begin PBXBuildFile section */
		D22DAAE91D9BAD7600F048C8 /* Queue.cpp in Sources */ = {isa = PBXBuildFile; fileRef = D22DAAE81D9BAD7600F048C8 /* Queue.cpp */; };
		D22DAAEB1D9BB4FD00F048C8 /* Main_Queue.cpp in Sources */ = {isa = PBXBuildFile; fileRef = D22DAAEA1D9BB4FD00F048C8 /* Main_Queue.cpp */; };
/* End PBXBuildFile section */

/* Begin PBXCopyFilesBuildPhase section */
		D22DAAD31D9BA3EF00F048C8 /* CopyFiles */ = {
			isa = PBXCopyFilesBuildPhase;
			buildActionMask = 2147483647;
			dstPath = /usr/share/man/man1/;
			dstSubfolderSpec = 0;
			files = (
			);
			runOnlyForDeploymentPostprocessing = 1;
		};
/* End PBXCopyFilesBuildPhase section */

/* Begin PBXFileReference section */
		D22DAAD51D9BA3EF00F048C8 /* ex2 */ = {isa = PBXFileReference; explicitFileType = "compiled.mach-o.executable"; includeInIndex = 0; path = ex2; sourceTree = BUILT_PRODUCTS_DIR; };
		D22DAADF1D9BA41400F048C8 /* Bag.h */ = {isa = PBXFileReference; fileEncoding = 4; lastKnownFileType = sourcecode.c.h; path = Bag.h; sourceTree = "<group>"; };
		D22DAAE01D9BA41C00F048C8 /* Bag.cpp */ = {isa = PBXFileReference; fileEncoding = 4; lastKnownFileType = sourcecode.cpp.cpp; path = Bag.cpp; sourceTree = "<group>"; };
		D22DAAE21D9BA42200F048C8 /* Stack.h */ = {isa = PBXFileReference; fileEncoding = 4; lastKnownFileType = sourcecode.c.h; path = Stack.h; sourceTree = "<group>"; };
		D22DAAE31D9BA42800F048C8 /* Stack.cpp */ = {isa = PBXFileReference; fileEncoding = 4; lastKnownFileType = sourcecode.cpp.cpp; path = Stack.cpp; sourceTree = "<group>"; };
		D22DAAE51D9BA42F00F048C8 /* Main_Stack.cpp */ = {isa = PBXFileReference; fileEncoding = 4; lastKnownFileType = sourcecode.cpp.cpp; path = Main_Stack.cpp; sourceTree = "<group>"; };
		D22DAAE71D9BAD7000F048C8 /* Queue.h */ = {isa = PBXFileReference; fileEncoding = 4; lastKnownFileType = sourcecode.c.h; path = Queue.h; sourceTree = "<group>"; };
		D22DAAE81D9BAD7600F048C8 /* Queue.cpp */ = {isa = PBXFileReference; fileEncoding = 4; lastKnownFileType = sourcecode.cpp.cpp; path = Queue.cpp; sourceTree = "<group>"; };
		D22DAAEA1D9BB4FD00F048C8 /* Main_Queue.cpp */ = {isa = PBXFileReference; fileEncoding = 4; lastKnownFileType = sourcecode.cpp.cpp; path = Main_Queue.cpp; sourceTree = "<group>"; };
/* End PBXFileReference section */

/* Begin PBXFrameworksBuildPhase section */
		D22DAAD21D9BA3EF00F048C8 /* Frameworks */ = {
			isa = PBXFrameworksBuildPhase;
			buildActionMask = 2147483647;
			files = (
			);
			runOnlyForDeploymentPostprocessing = 0;
		};
/* End PBXFrameworksBuildPhase section */

/* Begin PBXGroup section */
		D22DAACC1D9BA3EF00F048C8 = {
			isa = PBXGroup;
			children = (
				D22DAAD71D9BA3EF00F048C8 /* ex2 */,
				D22DAAD61D9BA3EF00F048C8 /* Products */,
			);
			sourceTree = "<group>";
		};
		D22DAAD61D9BA3EF00F048C8 /* Products */ = {
			isa = PBXGroup;
			children = (
				D22DAAD51D9BA3EF00F048C8 /* ex2 */,
			);
			name = Products;
			sourceTree = "<group>";
		};
		D22DAAD71D9BA3EF00F048C8 /* ex2 */ = {
			isa = PBXGroup;
			children = (
				D22DAADF1D9BA41400F048C8 /* Bag.h */,
				D22DAAE01D9BA41C00F048C8 /* Bag.cpp */,
				D22DAAE21D9BA42200F048C8 /* Stack.h */,
				D22DAAE31D9BA42800F048C8 /* Stack.cpp */,
				D22DAAE51D9BA42F00F048C8 /* Main_Stack.cpp */,
				D22DAAE71D9BAD7000F048C8 /* Queue.h */,
				D22DAAE81D9BAD7600F048C8 /* Queue.cpp */,
				D22DAAEA1D9BB4FD00F048C8 /* Main_Queue.cpp */,
			);
			path = ex2;
			sourceTree = "<group>";
		};
/* End PBXGroup section */

/* Begin PBXNativeTarget section */
		D22DAAD41D9BA3EF00F048C8 /* ex2 */ = {
			isa = PBXNativeTarget;
			buildConfigurationList = D22DAADC1D9BA3EF00F048C8 /* Build configuration list for PBXNativeTarget "ex2" */;
			buildPhases = (
				D22DAAD11D9BA3EF00F048C8 /* Sources */,
				D22DAAD21D9BA3EF00F048C8 /* Frameworks */,
				D22DAAD31D9BA3EF00F048C8 /* CopyFiles */,
			);
			buildRules = (
			);
			dependencies = (
			);
			name = ex2;
			productName = ex2;
			productReference = D22DAAD51D9BA3EF00F048C8 /* ex2 */;
			productType = "com.apple.product-type.tool";
		};
/* End PBXNativeTarget section */

/* Begin PBXProject section */
		D22DAACD1D9BA3EF00F048C8 /* Project object */ = {
			isa = PBXProject;
			attributes = {
				LastUpgradeCheck = 0730;
				ORGANIZATIONNAME = DevSusu;
				TargetAttributes = {
					D22DAAD41D9BA3EF00F048C8 = {
						CreatedOnToolsVersion = 7.3.1;
					};
				};
			};
			buildConfigurationList = D22DAAD01D9BA3EF00F048C8 /* Build configuration list for PBXProject "ex2" */;
			compatibilityVersion = "Xcode 3.2";
			developmentRegion = English;
			hasScannedForEncodings = 0;
			knownRegions = (
				en,
			);
			mainGroup = D22DAACC1D9BA3EF00F048C8;
			productRefGroup = D22DAAD61D9BA3EF00F048C8 /* Products */;
			projectDirPath = "";
			projectRoot = "";
			targets = (
				D22DAAD41D9BA3EF00F048C8 /* ex2 */,
			);
		};
/* End PBXProject section */

/* Begin PBXSourcesBuildPhase section */
		D22DAAD11D9BA3EF00F048C8 /* Sources */ = {
			isa = PBXSourcesBuildPhase;
			buildActionMask = 2147483647;
			files = (
				D22DAAEB1D9BB4FD00F048C8 /* Main_Queue.cpp in Sources */,
				D22DAAE91D9BAD7600F048C8 /* Queue.cpp in Sources */,
			);
			runOnlyForDeploymentPostprocessing = 0;
		};
/* End PBXSourcesBuildPhase section */

/* Begin XCBuildConfiguration section */
		D22DAADA1D9BA3EF00F048C8 /* Debug */ = {
			isa = XCBuildConfiguration;
			buildSettings = {
				ALWAYS_SEARCH_USER_PATHS = NO;
				CLANG_ANALYZER_NONNULL = YES;
				CLANG_CXX_LANGUAGE_STANDARD = "gnu++0x";
				CLANG_CXX_LIBRARY = "libc++";
				CLANG_ENABLE_MODULES = YES;
				CLANG_ENABLE_OBJC_ARC = YES;
				CLANG_WARN_BOOL_CONVERSION = YES;
				CLANG_WARN_CONSTANT_CONVERSION = YES;
				CLANG_WARN_DIRECT_OBJC_ISA_USAGE = YES_ERROR;
				CLANG_WARN_EMPTY_BODY = YES;
				CLANG_WARN_ENUM_CONVERSION = YES;
				CLANG_WARN_INT_CONVERSION = YES;
				CLANG_WARN_OBJC_ROOT_CLASS = YES_ERROR;
				CLANG_WARN_UNREACHABLE_CODE = YES;
				CLANG_WARN__DUPLICATE_METHOD_MATCH = YES;
				CODE_SIGN_IDENTITY = "-";
				COPY_PHASE_STRIP = NO;
				DEBUG_INFORMATION_FORMAT = dwarf;
				ENABLE_STRICT_OBJC_MSGSEND = YES;
				ENABLE_TESTABILITY = YES;
				GCC_C_LANGUAGE_STANDARD = gnu99;
				GCC_DYNAMIC_NO_PIC = NO;
				GCC_NO_COMMON_BLOCKS = YES;
				GCC_OPTIMIZATION_LEVEL = 0;
				GCC_PREPROCESSOR_DEFINITIONS = (
					"DEBUG=1",
					"$(inherited)",
				);
				GCC_WARN_64_TO_32_BIT_CONVERSION = YES;
				GCC_WARN_ABOUT_RETURN_TYPE = YES_ERROR;
				GCC_WARN_UNDECLARED_SELECTOR = YES;
				GCC_WARN_UNINITIALIZED_AUTOS = YES_AGGRESSIVE;
				GCC_WARN_UNUSED_FUNCTION = YES;
				GCC_WARN_UNUSED_VARIABLE = YES;
				MACOSX_DEPLOYMENT_TARGET = 10.11;
				MTL_ENABLE_DEBUG_INFO = YES;
				ONLY_ACTIVE_ARCH = YES;
				SDKROOT = macosx;
			};
			name = Debug;
		};
		D22DAADB1D9BA3EF00F048C8 /* Release */ = {
			isa = XCBuildConfiguration;
			buildSettings = {
				ALWAYS_SEARCH_USER_PATHS = NO;
				CLANG_ANALYZER_NONNULL = YES;
				CLANG_CXX_LANGUAGE_STANDARD = "gnu++0x";
				CLANG_CXX_LIBRARY = "libc++";
				CLANG_ENABLE_MODULES = YES;
				CLANG_ENABLE_OBJC_ARC = YES;
				CLANG_WARN_BOOL_CONVERSION = YES;
				CLANG_WARN_CONSTANT_CONVERSION = YES;
				CLANG_WARN_DIRECT_OBJC_ISA_USAGE = YES_ERROR;
				CLANG_WARN_EMPTY_BODY = YES;
				CLANG_WARN_ENUM_CONVERSION = YES;
				CLANG_WARN_INT_CONVERSION = YES;
				CLANG_WARN_OBJC_ROOT_CLASS = YES_ERROR;
				CLANG_WARN_UNREACHABLE_CODE = YES;
				CLANG_WARN__DUPLICATE_METHOD_MATCH = YES;
				CODE_SIGN_IDENTITY = "-";
				COPY_PHASE_STRIP = NO;
				DEBUG_INFORMATION_FORMAT = "dwarf-with-dsym";
				ENABLE_NS_ASSERTIONS = NO;
				ENABLE_STRICT_OBJC_MSGSEND = YES;
				GCC_C_LANGUAGE_STANDARD = gnu99;
				GCC_NO_COMMON_BLOCKS = YES;
				GCC_WARN_64_TO_32_BIT_CONVERSION = YES;
				GCC_WARN_ABOUT_RETURN_TYPE = YES_ERROR;
				GCC_WARN_UNDECLARED_SELECTOR = YES;
				GCC_WARN_UNINITIALIZED_AUTOS = YES_AGGRESSIVE;
				GCC_WARN_UNUSED_FUNCTION = YES;
				GCC_WARN_UNUSED_VARIABLE = YES;
				MACOSX_DEPLOYMENT_TARGET = 10.11;
				MTL_ENABLE_DEBUG_INFO = NO;
				SDKROOT = macosx;
			};
			name = Release;
		};
		D22DAADD1D9BA3EF00F048C8 /* Debug */ = {
			isa = XCBuildConfiguration;
			buildSettings = {
				PRODUCT_NAME = "$(TARGET_NAME)";
			};
			name = Debug;
		};
		D22DAADE1D9BA3EF00F048C8 /* Release */ = {
			isa = XCBuildConfiguration;
			buildSettings = {
				PRODUCT_NAME = "$(TARGET_NAME)";
			};
			name = Release;
		};
/* End XCBuildConfiguration section */

/* Begin XCConfigurationList section */
		D22DAAD01D9BA3EF00F048C8 /* Build configuration list for PBXProject "ex2" */ = {
			isa = XCConfigurationList;
			buildConfigurations = (
				D22DAADA1D9BA3EF00F048C8 /* Debug */,
				D22DAADB1D9BA3EF00F048C8 /* Release */,
			);
			defaultConfigurationIsVisible = 0;
			defaultConfigurationName = Release;
		};
		D22DAADC1D9BA3EF00F048C8 /* Build configuration list for PBXNativeTarget "ex2" */ = {
			isa = XCConfigurationList;
			buildConfigurations = (
				D22DAADD1D9BA3EF00F048C8 /* Debug */,
				D22DAADE1D9BA3EF00F048C8 /* Release */,
			);
			defaultConfigurationIsVisible = 0;
		};
/* End XCConfigurationList section */
	};
	rootObject = D22DAACD1D9BA3EF00F048C8 /* Project object */;
}
